
Microsoft Visual Studio Solution File, Format Version 12.00
# Visual Studio Version 17
VisualStudioVersion = 17.0.31903.59
MinimumVisualStudioVersion = 10.0.40219.1
Project("{FAE04EC0-301F-11D3-BF4B-00C04F79EFBC}") = "AndersonDomingos.Dao", "AndersonDomingos.Dao\AndersonDomingos.Dao.csproj", "{A001242E-04C0-4C20-931D-976D01816E45}"
EndProject
Project("{FAE04EC0-301F-11D3-BF4B-00C04F79EFBC}") = "AndersonDomingos.Api", "AndersonDomingos.Api\AndersonDomingos.Api.csproj", "{DD30B15E-2E9B-4539-828F-C240F7D918AF}"
EndProject
Global
	GlobalSection(SolutionConfigurationPlatforms) = preSolution
		Debug|Any CPU = Debug|Any CPU
		Release|Any CPU = Release|Any CPU
	EndGlobalSection
	GlobalSection(ProjectConfigurationPlatforms) = postSolution
		{A001242E-04C0-4C20-931D-976D01816E45}.Debug|Any CPU.ActiveCfg = Debug|Any CPU
		{A001242E-04C0-4C20-931D-976D01816E45}.Debug|Any CPU.Build.0 = Debug|Any CPU
		{A001242E-04C0-4C20-931D-976D01816E45}.Release|Any CPU.ActiveCfg = Release|Any CPU
		{A001242E-04C0-4C20-931D-976D01816E45}.Release|Any CPU.Build.0 = Release|Any CPU
		{DD30B15E-2E9B-4539-828F-C240F7D918AF}.Debug|Any CPU.ActiveCfg = Debug|Any CPU
		{DD30B15E-2E9B-4539-828F-C240F7D918AF}.Debug|Any CPU.Build.0 = Debug|Any CPU
		{DD30B15E-2E9B-4539-828F-C240F7D918AF}.Release|Any CPU.ActiveCfg = Release|Any CPU
		{DD30B15E-2E9B-4539-828F-C240F7D918AF}.Release|Any CPU.Build.0 = Release|Any CPU
	EndGlobalSection
	GlobalSection(SolutionProperties) = preSolution
		HideSolutionNode = FALSE
	EndGlobalSection
EndGlobal
